// !$*UTF8*$!
{
	archiveVersion = 1;
	classes = {
	};
	objectVersion = 45;
	objects = {

/* Begin PBXBuildFile section */
		090F7D1E13C35B3A006C3441 /* EnterDataView.xib in Resources */ = {isa = PBXBuildFile; fileRef = 090F7D1D13C35B3A006C3441 /* EnterDataView.xib */; };
		090F7D2013C35B48006C3441 /* ShowDestinationsView.xib in Resources */ = {isa = PBXBuildFile; fileRef = 090F7D1F13C35B48006C3441 /* ShowDestinationsView.xib */; };
		090F7D2213C35B58006C3441 /* SearchDestinationsView.xib in Resources */ = {isa = PBXBuildFile; fileRef = 090F7D2113C35B58006C3441 /* SearchDestinationsView.xib */; };
		090F7D2513C35B71006C3441 /* EnterDataViewController.m in Sources */ = {isa = PBXBuildFile; fileRef = 090F7D2413C35B71006C3441 /* EnterDataViewController.m */; };
		090F7D2813C35B83006C3441 /* ShowDestinationsViewController.m in Sources */ = {isa = PBXBuildFile; fileRef = 090F7D2713C35B83006C3441 /* ShowDestinationsViewController.m */; };
		090F7D2B13C35B9B006C3441 /* SearchDestinationsViewController.m in Sources */ = {isa = PBXBuildFile; fileRef = 090F7D2A13C35B9B006C3441 /* SearchDestinationsViewController.m */; };
		090F7DCC13C368E1006C3441 /* CoreData.framework in Frameworks */ = {isa = PBXBuildFile; fileRef = 090F7DCB13C368E1006C3441 /* CoreData.framework */; };
		090F7DD013C36901006C3441 /* CoreDataTabBarTutorial.xcdatamodel in Sources */ = {isa = PBXBuildFile; fileRef = 090F7DCF13C36901006C3441 /* CoreDataTabBarTutorial.xcdatamodel */; };
		090F7DD513C3696C006C3441 /* Destination.m in Sources */ = {isa = PBXBuildFile; fileRef = 090F7DD413C3696C006C3441 /* Destination.m */; };
		1D3623260D0F684500981E51 /* CoreDataTabBarTutorialAppDelegate.m in Sources */ = {isa = PBXBuildFile; fileRef = 1D3623250D0F684500981E51 /* CoreDataTabBarTutorialAppDelegate.m */; };
		1D60589B0D05DD56006BFB54 /* main.m in Sources */ = {isa = PBXBuildFile; fileRef = 29B97316FDCFA39411CA2CEA /* main.m */; };
		1D60589F0D05DD5A006BFB54 /* Foundation.framework in Frameworks */ = {isa = PBXBuildFile; fileRef = 1D30AB110D05D00D00671497 /* Foundation.framework */; };
		1DF5F4E00D08C38300B7A737 /* UIKit.framework in Frameworks */ = {isa = PBXBuildFile; fileRef = 1DF5F4DF0D08C38300B7A737 /* UIKit.framework */; };
		288765080DF74369002DB57D /* CoreGraphics.framework in Frameworks */ = {isa = PBXBuildFile; fileRef = 288765070DF74369002DB57D /* CoreGraphics.framework */; };
		28AD73880D9D96C1002E5188 /* MainWindow.xib in Resources */ = {isa = PBXBuildFile; fileRef = 28AD73870D9D96C1002E5188 /* MainWindow.xib */; };
/* End PBXBuildFile section */

/* Begin PBXFileReference section */
		090F7D1D13C35B3A006C3441 /* EnterDataView.xib */ = {isa = PBXFileReference; lastKnownFileType = file.xib; path = EnterDataView.xib; sourceTree = "<group>"; };
		090F7D1F13C35B48006C3441 /* ShowDestinationsView.xib */ = {isa = PBXFileReference; lastKnownFileType = file.xib; path = ShowDestinationsView.xib; sourceTree = "<group>"; };
		090F7D2113C35B58006C3441 /* SearchDestinationsView.xib */ = {isa = PBXFileReference; lastKnownFileType = file.xib; path = SearchDestinationsView.xib; sourceTree = "<group>"; };
		090F7D2313C35B71006C3441 /* EnterDataViewController.h */ = {isa = PBXFileReference; fileEncoding = 4; lastKnownFileType = sourcecode.c.h; path = EnterDataViewController.h; sourceTree = "<group>"; };
		090F7D2413C35B71006C3441 /* EnterDataViewController.m */ = {isa = PBXFileReference; fileEncoding = 4; lastKnownFileType = sourcecode.c.objc; path = EnterDataViewController.m; sourceTree = "<group>"; };
		090F7D2613C35B83006C3441 /* ShowDestinationsViewController.h */ = {isa = PBXFileReference; fileEncoding = 4; lastKnownFileType = sourcecode.c.h; path = ShowDestinationsViewController.h; sourceTree = "<group>"; };
		090F7D2713C35B83006C3441 /* ShowDestinationsViewController.m */ = {isa = PBXFileReference; fileEncoding = 4; lastKnownFileType = sourcecode.c.objc; path = ShowDestinationsViewController.m; sourceTree = "<group>"; };
		090F7D2913C35B9B006C3441 /* SearchDestinationsViewController.h */ = {isa = PBXFileReference; fileEncoding = 4; lastKnownFileType = sourcecode.c.h; path = SearchDestinationsViewController.h; sourceTree = "<group>"; };
		090F7D2A13C35B9B006C3441 /* SearchDestinationsViewController.m */ = {isa = PBXFileReference; fileEncoding = 4; lastKnownFileType = sourcecode.c.objc; path = SearchDestinationsViewController.m; sourceTree = "<group>"; };
		090F7DCB13C368E1006C3441 /* CoreData.framework */ = {isa = PBXFileReference; lastKnownFileType = wrapper.framework; name = CoreData.framework; path = System/Library/Frameworks/CoreData.framework; sourceTree = SDKROOT; };
		090F7DCF13C36901006C3441 /* CoreDataTabBarTutorial.xcdatamodel */ = {isa = PBXFileReference; fileEncoding = 4; lastKnownFileType = wrapper.xcdatamodel; path = CoreDataTabBarTutorial.xcdatamodel; sourceTree = "<group>"; };
		090F7DD313C3696C006C3441 /* Destination.h */ = {isa = PBXFileReference; fileEncoding = 4; lastKnownFileType = sourcecode.c.h; name = Destination.h; path = ../Destination.h; sourceTree = "<group>"; };
		090F7DD413C3696C006C3441 /* Destination.m */ = {isa = PBXFileReference; fileEncoding = 4; lastKnownFileType = sourcecode.c.objc; name = Destination.m; path = ../Destination.m; sourceTree = "<group>"; };
		1D30AB110D05D00D00671497 /* Foundation.framework */ = {isa = PBXFileReference; lastKnownFileType = wrapper.framework; name = Foundation.framework; path = System/Library/Frameworks/Foundation.framework; sourceTree = SDKROOT; };
		1D3623240D0F684500981E51 /* CoreDataTabBarTutorialAppDelegate.h */ = {isa = PBXFileReference; fileEncoding = 4; lastKnownFileType = sourcecode.c.h; path = CoreDataTabBarTutorialAppDelegate.h; sourceTree = "<group>"; };
		1D3623250D0F684500981E51 /* CoreDataTabBarTutorialAppDelegate.m */ = {isa = PBXFileReference; fileEncoding = 4; lastKnownFileType = sourcecode.c.objc; path = CoreDataTabBarTutorialAppDelegate.m; sourceTree = "<group>"; };
		1D6058910D05DD3D006BFB54 /* CoreDataTabBarTutorial.app */ = {isa = PBXFileReference; explicitFileType = wrapper.application; includeInIndex = 0; path = CoreDataTabBarTutorial.app; sourceTree = BUILT_PRODUCTS_DIR; };
		1DF5F4DF0D08C38300B7A737 /* UIKit.framework */ = {isa = PBXFileReference; lastKnownFileType = wrapper.framework; name = UIKit.framework; path = System/Library/Frameworks/UIKit.framework; sourceTree = SDKROOT; };
		288765070DF74369002DB57D /* CoreGraphics.framework */ = {isa = PBXFileReference; lastKnownFileType = wrapper.framework; name = CoreGraphics.framework; path = System/Library/Frameworks/CoreGraphics.framework; sourceTree = SDKROOT; };
		28A0AB4B0D9B1048005BE974 /* CoreDataTabBarTutorial_Prefix.pch */ = {isa = PBXFileReference; fileEncoding = 4; lastKnownFileType = sourcecode.c.h; path = CoreDataTabBarTutorial_Prefix.pch; sourceTree = "<group>"; };
		28AD73870D9D96C1002E5188 /* MainWindow.xib */ = {isa = PBXFileReference; lastKnownFileType = file.xib; path = MainWindow.xib; sourceTree = "<group>"; };
		29B97316FDCFA39411CA2CEA /* main.m */ = {isa = PBXFileReference; fileEncoding = 4; lastKnownFileType = sourcecode.c.objc; path = main.m; sourceTree = "<group>"; };
		8D1107310486CEB800E47090 /* CoreDataTabBarTutorial-Info.plist */ = {isa = PBXFileReference; fileEncoding = 4; lastKnownFileType = text.plist.xml; path = "CoreDataTabBarTutorial-Info.plist"; plistStructureDefinitionIdentifier = "com.apple.xcode.plist.structure-definition.iphone.info-plist"; sourceTree = "<group>"; };
/* End PBXFileReference section */

/* Begin PBXFrameworksBuildPhase section */
		1D60588F0D05DD3D006BFB54 /* Frameworks */ = {
			isa = PBXFrameworksBuildPhase;
			buildActionMask = 2147483647;
			files = (
				1D60589F0D05DD5A006BFB54 /* Foundation.framework in Frameworks */,
				1DF5F4E00D08C38300B7A737 /* UIKit.framework in Frameworks */,
				288765080DF74369002DB57D /* CoreGraphics.framework in Frameworks */,
				090F7DCC13C368E1006C3441 /* CoreData.framework in Frameworks */,
			);
			runOnlyForDeploymentPostprocessing = 0;
		};
/* End PBXFrameworksBuildPhase section */

/* Begin PBXGroup section */
		080E96DDFE201D6D7F000001 /* Classes */ = {
			isa = PBXGroup;
			children = (
				1D3623240D0F684500981E51 /* CoreDataTabBarTutorialAppDelegate.h */,
				1D3623250D0F684500981E51 /* CoreDataTabBarTutorialAppDelegate.m */,
				090F7DD313C3696C006C3441 /* Destination.h */,
				090F7DD413C3696C006C3441 /* Destination.m */,
				090F7D2313C35B71006C3441 /* EnterDataViewController.h */,
				090F7D2413C35B71006C3441 /* EnterDataViewController.m */,
				090F7D2913C35B9B006C3441 /* SearchDestinationsViewController.h */,
				090F7D2A13C35B9B006C3441 /* SearchDestinationsViewController.m */,
				090F7D2613C35B83006C3441 /* ShowDestinationsViewController.h */,
				090F7D2713C35B83006C3441 /* ShowDestinationsViewController.m */,
			);
			path = Classes;
			sourceTree = "<group>";
		};
		19C28FACFE9D520D11CA2CBB /* Products */ = {
			isa = PBXGroup;
			children = (
				1D6058910D05DD3D006BFB54 /* CoreDataTabBarTutorial.app */,
			);
			name = Products;
			sourceTree = "<group>";
		};
		29B97314FDCFA39411CA2CEA /* CoreDataTabBarTutorial */ = {
			isa = PBXGroup;
			children = (
				080E96DDFE201D6D7F000001 /* Classes */,
				29B97315FDCFA39411CA2CEA /* Other Sources */,
				29B97317FDCFA39411CA2CEA /* Resources */,
				29B97323FDCFA39411CA2CEA /* Frameworks */,
				19C28FACFE9D520D11CA2CBB /* Products */,
			);
			name = CoreDataTabBarTutorial;
			sourceTree = "<group>";
		};
		29B97315FDCFA39411CA2CEA /* Other Sources */ = {
			isa = PBXGroup;
			children = (
				28A0AB4B0D9B1048005BE974 /* CoreDataTabBarTutorial_Prefix.pch */,
				29B97316FDCFA39411CA2CEA /* main.m */,
			);
			name = "Other Sources";
			sourceTree = "<group>";
		};
		29B97317FDCFA39411CA2CEA /* Resources */ = {
			isa = PBXGroup;
			children = (
				8D1107310486CEB800E47090 /* CoreDataTabBarTutorial-Info.plist */,
				090F7D1D13C35B3A006C3441 /* EnterDataView.xib */,
				28AD73870D9D96C1002E5188 /* MainWindow.xib */,
				090F7D2113C35B58006C3441 /* SearchDestinationsView.xib */,
				090F7D1F13C35B48006C3441 /* ShowDestinationsView.xib */,
				090F7DCF13C36901006C3441 /* CoreDataTabBarTutorial.xcdatamodel */,
			);
			name = Resources;
			sourceTree = "<group>";
		};
		29B97323FDCFA39411CA2CEA /* Frameworks */ = {
			isa = PBXGroup;
			children = (
				1DF5F4DF0D08C38300B7A737 /* UIKit.framework */,
				1D30AB110D05D00D00671497 /* Foundation.framework */,
				288765070DF74369002DB57D /* CoreGraphics.framework */,
				090F7DCB13C368E1006C3441 /* CoreData.framework */,
			);
			name = Frameworks;
			sourceTree = "<group>";
		};
/* End PBXGroup section */

/* Begin PBXNativeTarget section */
		1D6058900D05DD3D006BFB54 /* CoreDataTabBarTutorial */ = {
			isa = PBXNativeTarget;
			buildConfigurationList = 1D6058960D05DD3E006BFB54 /* Build configuration list for PBXNativeTarget "CoreDataTabBarTutorial" */;
			buildPhases = (
				1D60588D0D05DD3D006BFB54 /* Resources */,
				1D60588E0D05DD3D006BFB54 /* Sources */,
				1D60588F0D05DD3D006BFB54 /* Frameworks */,
			);
			buildRules = (
			);
			dependencies = (
			);
			name = CoreDataTabBarTutorial;
			productName = CoreDataTabBarTutorial;
			productReference = 1D6058910D05DD3D006BFB54 /* CoreDataTabBarTutorial.app */;
			productType = "com.apple.product-type.application";
		};
/* End PBXNativeTarget section */

/* Begin PBXProject section */
		29B97313FDCFA39411CA2CEA /* Project object */ = {
			isa = PBXProject;
			buildConfigurationList = C01FCF4E08A954540054247B /* Build configuration list for PBXProject "CoreDataTabBarTutorial" */;
			compatibilityVersion = "Xcode 3.1";
			developmentRegion = English;
			hasScannedForEncodings = 1;
			knownRegions = (
				English,
				Japanese,
				French,
				German,
			);
			mainGroup = 29B97314FDCFA39411CA2CEA /* CoreDataTabBarTutorial */;
			projectDirPath = "";
			projectRoot = "";
			targets = (
				1D6058900D05DD3D006BFB54 /* CoreDataTabBarTutorial */,
			);
		};
/* End PBXProject section */

/* Begin PBXResourcesBuildPhase section */
		1D60588D0D05DD3D006BFB54 /* Resources */ = {
			isa = PBXResourcesBuildPhase;
			buildActionMask = 2147483647;
			files = (
				28AD73880D9D96C1002E5188 /* MainWindow.xib in Resources */,
				090F7D1E13C35B3A006C3441 /* EnterDataView.xib in Resources */,
				090F7D2013C35B48006C3441 /* ShowDestinationsView.xib in Resources */,
				090F7D2213C35B58006C3441 /* SearchDestinationsView.xib in Resources */,
			);
			runOnlyForDeploymentPostprocessing = 0;
		};
/* End PBXResourcesBuildPhase section */

/* Begin PBXSourcesBuildPhase section */
		1D60588E0D05DD3D006BFB54 /* Sources */ = {
			isa = PBXSourcesBuildPhase;
			buildActionMask = 2147483647;
			files = (
				1D60589B0D05DD56006BFB54 /* main.m in Sources */,
				1D3623260D0F684500981E51 /* CoreDataTabBarTutorialAppDelegate.m in Sources */,
				090F7D2513C35B71006C3441 /* EnterDataViewController.m in Sources */,
				090F7D2813C35B83006C3441 /* ShowDestinationsViewController.m in Sources */,
				090F7D2B13C35B9B006C3441 /* SearchDestinationsViewController.m in Sources */,
				090F7DD013C36901006C3441 /* CoreDataTabBarTutorial.xcdatamodel in Sources */,
				090F7DD513C3696C006C3441 /* Destination.m in Sources */,
			);
			runOnlyForDeploymentPostprocessing = 0;
		};
/* End PBXSourcesBuildPhase section */

/* Begin XCBuildConfiguration section */
		1D6058940D05DD3E006BFB54 /* Debug */ = {
			isa = XCBuildConfiguration;
			buildSettings = {
				ALWAYS_SEARCH_USER_PATHS = NO;
				COPY_PHASE_STRIP = NO;
				GCC_DYNAMIC_NO_PIC = NO;
				GCC_OPTIMIZATION_LEVEL = 0;
				GCC_PRECOMPILE_PREFIX_HEADER = YES;
				GCC_PREFIX_HEADER = CoreDataTabBarTutorial_Prefix.pch;
				INFOPLIST_FILE = "CoreDataTabBarTutorial-Info.plist";
				PRODUCT_NAME = CoreDataTabBarTutorial;
			};
			name = Debug;
		};
		1D6058950D05DD3E006BFB54 /* Release */ = {
			isa = XCBuildConfiguration;
			buildSettings = {
				ALWAYS_SEARCH_USER_PATHS = NO;
				COPY_PHASE_STRIP = YES;
				GCC_PRECOMPILE_PREFIX_HEADER = YES;
				GCC_PREFIX_HEADER = CoreDataTabBarTutorial_Prefix.pch;
				INFOPLIST_FILE = "CoreDataTabBarTutorial-Info.plist";
				PRODUCT_NAME = CoreDataTabBarTutorial;
				VALIDATE_PRODUCT = YES;
			};
			name = Release;
		};
		C01FCF4F08A954540054247B /* Debug */ = {
			isa = XCBuildConfiguration;
			buildSettings = {
				ARCHS = "$(ARCHS_STANDARD_32_BIT)";
				"CODE_SIGN_IDENTITY[sdk=iphoneos*]" = "iPhone Developer";
				GCC_C_LANGUAGE_STANDARD = c99;
				GCC_WARN_ABOUT_RETURN_TYPE = YES;
				GCC_WARN_UNUSED_VARIABLE = YES;
				PREBINDING = NO;
				SDKROOT = iphoneos;
			};
			name = Debug;
		};
		C01FCF5008A954540054247B /* Release */ = {
			isa = XCBuildConfiguration;
			buildSettings = {
				ARCHS = "$(ARCHS_STANDARD_32_BIT)";
				"CODE_SIGN_IDENTITY[sdk=iphoneos*]" = "iPhone Developer";
				GCC_C_LANGUAGE_STANDARD = c99;
				GCC_WARN_ABOUT_RETURN_TYPE = YES;
				GCC_WARN_UNUSED_VARIABLE = YES;
				OTHER_CFLAGS = "-DNS_BLOCK_ASSERTIONS=1";
				PREBINDING = NO;
				SDKROOT = iphoneos;
			};
			name = Release;
		};
/* End XCBuildConfiguration section */

/* Begin XCConfigurationList section */
		1D6058960D05DD3E006BFB54 /* Build configuration list for PBXNativeTarget "CoreDataTabBarTutorial" */ = {
			isa = XCConfigurationList;
			buildConfigurations = (
				1D6058940D05DD3E006BFB54 /* Debug */,
				1D6058950D05DD3E006BFB54 /* Release */,
			);
			defaultConfigurationIsVisible = 0;
			defaultConfigurationName = Release;
		};
		C01FCF4E08A954540054247B /* Build configuration list for PBXProject "CoreDataTabBarTutorial" */ = {
			isa = XCConfigurationList;
			buildConfigurations = (
				C01FCF4F08A954540054247B /* Debug */,
				C01FCF5008A954540054247B /* Release */,
			);
			defaultConfigurationIsVisible = 0;
			defaultConfigurationName = Release;
		};
/* End XCConfigurationList section */
	};
	rootObject = 29B97313FDCFA39411CA2CEA /* Project object */;
}
